// !$*UTF8*$!
{
	archiveVersion = 1;
	classes = {
	};
	objectVersion = 56;
	objects = {
/* Begin PBXBuildFile section */
		2A3D4B2A2B5E7F1000123456 /* AppDelegate.swift in Sources */ = {isa = PBXBuildFile; fileRef = 2A3D4B292B5E7F1000123456 /* AppDelegate.swift */; };
		2A3D4B2C2B5E7F1000123456 /* SceneDelegate.swift in Sources */ = {isa = PBXBuildFile; fileRef = 2A3D4B2B2B5E7F1000123456 /* SceneDelegate.swift */; };
		2A3D4B2E2B5E7F1000123456 /* ContentView.swift in Sources */ = {isa = PBXBuildFile; fileRef = 2A3D4B2D2B5E7F1000123456 /* ContentView.swift */; };
		2A3D4B302B5E7F1200123456 /* Assets.xcassets in Resources */ = {isa = PBXBuildFile; fileRef = 2A3D4B2F2B5E7F1200123456 /* Assets.xcassets */; };
		2A3D4B332B5E7F1200123456 /* LaunchScreen.storyboard in Resources */ = {isa = PBXBuildFile; fileRef = 2A3D4B312B5E7F1200123456 /* LaunchScreen.storyboard */; };
		2A3D4B3B2B5E7F5000123456 /* HomeView.swift in Sources */ = {isa = PBXBuildFile; fileRef = 2A3D4B3A2B5E7F5000123456 /* HomeView.swift */; };
		2A3D4B3D2B5E7F6000123456 /* ProductsView.swift in Sources */ = {isa = PBXBuildFile; fileRef = 2A3D4B3C2B5E7F6000123456 /* ProductsView.swift */; };
		2A3D4B3F2B5E7F7000123456 /* CalculatorView.swift in Sources */ = {isa = PBXBuildFile; fileRef = 2A3D4B3E2B5E7F7000123456 /* CalculatorView.swift */; };
		2A3D4B412B5E7F8000123456 /* ColorMatcherView.swift in Sources */ = {isa = PBXBuildFile; fileRef = 2A3D4B402B5E7F8000123456 /* ColorMatcherView.swift */; };
		2A3D4B432B5E7F9000123456 /* StoreLocatorView.swift in Sources */ = {isa = PBXBuildFile; fileRef = 2A3D4B422B5E7F9000123456 /* StoreLocatorView.swift */; };
		2A3D4B452B5E7FA000123456 /* ProfileView.swift in Sources */ = {isa = PBXBuildFile; fileRef = 2A3D4B442B5E7FA000123456 /* ProfileView.swift */; };
		2A3D4B472B5E7FB000123456 /* Theme.swift in Sources */ = {isa = PBXBuildFile; fileRef = 2A3D4B462B5E7FB000123456 /* Theme.swift */; };
		2A3D4B492B5E7FC000123456 /* NetworkManager.swift in Sources */ = {isa = PBXBuildFile; fileRef = 2A3D4B482B5E7FC000123456 /* NetworkManager.swift */; };
		2A3D4B4B2B5E7FD000123456 /* ARPaintView.swift in Sources */ = {isa = PBXBuildFile; fileRef = 2A3D4B4A2B5E7FD000123456 /* ARPaintView.swift */; };
/* End PBXBuildFile section */

/* Begin PBXFileReference section */
		2A3D4B262B5E7F1000123456 /* PinturasBambi.app */ = {isa = PBXFileReference; explicitFileType = wrapper.application; includeInIndex = 0; path = PinturasBambi.app; sourceTree = BUILT_PRODUCTS_DIR; };
		2A3D4B292B5E7F1000123456 /* AppDelegate.swift */ = {isa = PBXFileReference; lastKnownFileType = sourcecode.swift; path = AppDelegate.swift; sourceTree = "<group>"; };
		2A3D4B2B2B5E7F1000123456 /* SceneDelegate.swift */ = {isa = PBXFileReference; lastKnownFileType = sourcecode.swift; path = SceneDelegate.swift; sourceTree = "<group>"; };
		2A3D4B2D2B5E7F1000123456 /* ContentView.swift */ = {isa = PBXFileReference; lastKnownFileType = sourcecode.swift; path = ContentView.swift; sourceTree = "<group>"; };
		2A3D4B2F2B5E7F1200123456 /* Assets.xcassets */ = {isa = PBXFileReference; lastKnownFileType = folder.assetcatalog; path = Assets.xcassets; sourceTree = "<group>"; };
		2A3D4B322B5E7F1200123456 /* Base */ = {isa = PBXFileReference; lastKnownFileType = file.storyboard; name = Base; path = Base.lproj/LaunchScreen.storyboard; sourceTree = "<group>"; };
		2A3D4B342B5E7F1200123456 /* Info.plist */ = {isa = PBXFileReference; lastKnownFileType = text.plist.xml; path = Info.plist; sourceTree = "<group>"; };
		2A3D4B3A2B5E7F5000123456 /* HomeView.swift */ = {isa = PBXFileReference; lastKnownFileType = sourcecode.swift; path = HomeView.swift; sourceTree = "<group>"; };
		2A3D4B3C2B5E7F6000123456 /* ProductsView.swift */ = {isa = PBXFileReference; lastKnownFileType = sourcecode.swift; path = ProductsView.swift; sourceTree = "<group>"; };
		2A3D4B3E2B5E7F7000123456 /* CalculatorView.swift */ = {isa = PBXFileReference; lastKnownFileType = sourcecode.swift; path = CalculatorView.swift; sourceTree = "<group>"; };
		2A3D4B402B5E7F8000123456 /* ColorMatcherView.swift */ = {isa = PBXFileReference; lastKnownFileType = sourcecode.swift; path = ColorMatcherView.swift; sourceTree = "<group>"; };
		2A3D4B422B5E7F9000123456 /* StoreLocatorView.swift */ = {isa = PBXFileReference; lastKnownFileType = sourcecode.swift; path = StoreLocatorView.swift; sourceTree = "<group>"; };
		2A3D4B442B5E7FA000123456 /* ProfileView.swift */ = {isa = PBXFileReference; lastKnownFileType = sourcecode.swift; path = ProfileView.swift; sourceTree = "<group>"; };
		2A3D4B462B5E7FB000123456 /* Theme.swift */ = {isa = PBXFileReference; lastKnownFileType = sourcecode.swift; path = Theme.swift; sourceTree = "<group>"; };
		2A3D4B482B5E7FC000123456 /* NetworkManager.swift */ = {isa = PBXFileReference; lastKnownFileType = sourcecode.swift; path = NetworkManager.swift; sourceTree = "<group>"; };
		2A3D4B4A2B5E7FD000123456 /* ARPaintView.swift */ = {isa = PBXFileReference; lastKnownFileType = sourcecode.swift; path = ARPaintView.swift; sourceTree = "<group>"; };
/* End PBXFileReference section */

/* Begin PBXFrameworksBuildPhase section */
		2A3D4B232B5E7F1000123456 /* Frameworks */ = {
			isa = PBXFrameworksBuildPhase;
			buildActionMask = 2147483647;
			files = (
			);
			runOnlyForDeploymentPostprocessing = 0;
		};
/* End PBXFrameworksBuildPhase section */

/* Begin PBXGroup section */
		2A3D4B1D2B5E7F1000123456 = {
			isa = PBXGroup;
			children = (
				2A3D4B282B5E7F1000123456 /* PinturasBambi */,
				2A3D4B272B5E7F1000123456 /* Products */,
			);
			sourceTree = "<group>";
		};
		2A3D4B272B5E7F1000123456 /* Products */ = {
			isa = PBXGroup;
			children = (
				2A3D4B262B5E7F1000123456 /* PinturasBambi.app */,
			);
			name = Products;
			sourceTree = "<group>";
		};
		2A3D4B282B5E7F1000123456 /* PinturasBambi */ = {
			isa = PBXGroup;
			children = (
				2A3D4B292B5E7F1000123456 /* AppDelegate.swift */,
				2A3D4B2B2B5E7F1000123456 /* SceneDelegate.swift */,
				2A3D4B2D2B5E7F1000123456 /* ContentView.swift */,
				2A3D4B462B5E7FB000123456 /* Theme.swift */,
				2A3D4B482B5E7FC000123456 /* NetworkManager.swift */,
				2A3D4B4C2B5E7FE000123456 /* Views */,
				2A3D4B2F2B5E7F1200123456 /* Assets.xcassets */,
				2A3D4B312B5E7F1200123456 /* LaunchScreen.storyboard */,
				2A3D4B342B5E7F1200123456 /* Info.plist */,
			);
			path = PinturasBambi;
			sourceTree = "<group>";
		};
		2A3D4B4C2B5E7FE000123456 /* Views */ = {
			isa = PBXGroup;
			children = (
				2A3D4B3A2B5E7F5000123456 /* HomeView.swift */,
				2A3D4B3C2B5E7F6000123456 /* ProductsView.swift */,
				2A3D4B3E2B5E7F7000123456 /* CalculatorView.swift */,
				2A3D4B402B5E7F8000123456 /* ColorMatcherView.swift */,
				2A3D4B422B5E7F9000123456 /* StoreLocatorView.swift */,
				2A3D4B442B5E7FA000123456 /* ProfileView.swift */,
				2A3D4B4A2B5E7FD000123456 /* ARPaintView.swift */,
			);
			path = Views;
			sourceTree = "<group>";
		};
/* End PBXGroup section */

/* Begin PBXNativeTarget section */
		2A3D4B252B5E7F1000123456 /* PinturasBambi */ = {
			isa = PBXNativeTarget;
			buildConfigurationList = 2A3D4B372B5E7F1200123456 /* Build configuration list for PBXNativeTarget "PinturasBambi" */;
			buildPhases = (
				2A3D4B222B5E7F1000123456 /* Sources */,
				2A3D4B232B5E7F1000123456 /* Frameworks */,
				2A3D4B242B5E7F1000123456 /* Resources */,
			);
			buildRules = (
			);
			dependencies = (
			);
			name = PinturasBambi;
			productName = PinturasBambi;
			productReference = 2A3D4B262B5E7F1000123456 /* PinturasBambi.app */;
			productType = "com.apple.product-type.application";
		};
/* End PBXNativeTarget section */

/* Begin PBXProject section */
		2A3D4B1E2B5E7F1000123456 /* Project object */ = {
			isa = PBXProject;
			attributes = {
				BuildIndependentTargetsInParallel = 1;
				LastSwiftUpdateCheck = 1500;
				LastUpgradeCheck = 1500;
				TargetAttributes = {
					2A3D4B252B5E7F1000123456 = {
						CreatedOnToolsVersion = 15.0;
					};
				};
			};
			buildConfigurationList = 2A3D4B212B5E7F1000123456 /* Build configuration list for PBXProject "PinturasBambi" */;
			compatibilityVersion = "Xcode 14.0";
			developmentRegion = en;
			hasScannedForEncodings = 0;
			knownRegions = (
				en,
				Base,
			);
			mainGroup = 2A3D4B1D2B5E7F1000123456;
			productRefGroup = 2A3D4B272B5E7F1000123456 /* Products */;
			projectDirPath = "";
			projectRoot = "";
			targets = (
				2A3D4B252B5E7F1000123456 /* PinturasBambi */,
			);
		};
/* End PBXProject section */

/* Begin PBXResourcesBuildPhase section */
		2A3D4B242B5E7F1000123456 /* Resources */ = {
			isa = PBXResourcesBuildPhase;
			buildActionMask = 2147483647;
			files = (
				2A3D4B332B5E7F1200123456 /* LaunchScreen.storyboard in Resources */,
				2A3D4B302B5E7F1200123456 /* Assets.xcassets in Resources */,
			);
			runOnlyForDeploymentPostprocessing = 0;
		};
/* End PBXResourcesBuildPhase section */

/* Begin PBXSourcesBuildPhase section */
		2A3D4B222B5E7F1000123456 /* Sources */ = {
			isa = PBXSourcesBuildPhase;
			buildActionMask = 2147483647;
			files = (
				2A3D4B2E2B5E7F1000123456 /* ContentView.swift in Sources */,
				2A3D4B3B2B5E7F5000123456 /* HomeView.swift in Sources */,
				2A3D4B3D2B5E7F6000123456 /* ProductsView.swift in Sources */,
				2A3D4B3F2B5E7F7000123456 /* CalculatorView.swift in Sources */,
				2A3D4B412B5E7F8000123456 /* ColorMatcherView.swift in Sources */,
				2A3D4B432B5E7F9000123456 /* StoreLocatorView.swift in Sources */,
				2A3D4B452B5E7FA000123456 /* ProfileView.swift in Sources */,
				2A3D4B472B5E7FB000123456 /* Theme.swift in Sources */,
				2A3D4B492B5E7FC000123456 /* NetworkManager.swift in Sources */,
				2A3D4B4B2B5E7FD000123456 /* ARPaintView.swift in Sources */,
				2A3D4B2A2B5E7F1000123456 /* AppDelegate.swift in Sources */,
				2A3D4B2C2B5E7F1000123456 /* SceneDelegate.swift in Sources */,
			);
			runOnlyForDeploymentPostprocessing = 0;
		};
/* End PBXSourcesBuildPhase section */

/* Begin PBXVariantGroup section */
		2A3D4B312B5E7F1200123456 /* LaunchScreen.storyboard */ = {
			isa = PBXVariantGroup;
			children = (
				2A3D4B322B5E7F1200123456 /* Base */,
			);
			name = LaunchScreen.storyboard;
			sourceTree = "<group>";
		};
/* End PBXVariantGroup section */

/* Begin XCBuildConfiguration section */
		2A3D4B352B5E7F1200123456 /* Debug */ = {
			isa = XCBuildConfiguration;
			buildSettings = {
				ALWAYS_SEARCH_USER_PATHS = NO;
				ASSETCATALOG_COMPILER_GENERATE_SWIFT_ASSET_SYMBOL_EXTENSIONS = YES;
				CLANG_ANALYZER_NONNULL = YES;
				CLANG_ANALYZER_NUMBER_OBJECT_CONVERSION = YES_AGGRESSIVE;
				CLANG_CXX_LANGUAGE_STANDARD = "gnu++20";
				CLANG_ENABLE_MODULES = YES;
				CLANG_ENABLE_OBJC_ARC = YES;
				CLANG_ENABLE_OBJC_WEAK = YES;
				CLANG_WARN_BLOCK_CAPTURE_AUTORELEASING = YES;
				CLANG_WARN_BOOL_CONVERSION = YES;
				CLANG_WARN_COMMA = YES;
				CLANG_WARN_CONSTANT_CONVERSION = YES;
				CLANG_WARN_DEPRECATED_OBJC_IMPLEMENTATIONS = YES;
				CLANG_WARN_DIRECT_OBJC_ISA_USAGE = YES_ERROR;
				CLANG_WARN_DOCUMENTATION_COMMENTS = YES;
				CLANG_WARN_EMPTY_BODY = YES;
				CLANG_WARN_ENUM_CONVERSION = YES;
				CLANG_WARN_INFINITE_RECURSION = YES;
				CLANG_WARN_INT_CONVERSION = YES;
				CLANG_WARN_NON_LITERAL_NULL_CONVERSION = YES;
				CLANG_WARN_OBJC_IMPLICIT_RETAIN_SELF = YES;
				CLANG_WARN_OBJC_LITERAL_CONVERSION = YES;
				CLANG_WARN_OBJC_ROOT_CLASS = YES_ERROR;
				CLANG_WARN_QUOTED_INCLUDE_IN_FRAMEWORK_HEADER = YES;
				CLANG_WARN_RANGE_LOOP_ANALYSIS = YES;
				CLANG_WARN_STRICT_PROTOTYPES = YES;
				CLANG_WARN_SUSPICIOUS_MOVE = YES;
				CLANG_WARN_UNGUARDED_AVAILABILITY = YES_AGGRESSIVE;
				CLANG_WARN_UNREACHABLE_CODE = YES;
				CLANG_WARN__DUPLICATE_METHOD_MATCH = YES;
				COPY_PHASE_STRIP = NO;
				DEBUG_INFORMATION_FORMAT = dwarf;
				ENABLE_STRICT_OBJC_MSGSEND = YES;
				ENABLE_TESTABILITY = YES;
				ENABLE_USER_SCRIPT_SANDBOXING = YES;
				GCC_C_LANGUAGE_STANDARD = gnu17;
				GCC_DYNAMIC_NO_PIC = NO;
				GCC_NO_COMMON_BLOCKS = YES;
				GCC_OPTIMIZATION_LEVEL = 0;
				GCC_PREPROCESSOR_DEFINITIONS = (
					"DEBUG=1",
					"$(inherited)",
				);
				GCC_WARN_64_TO_32_BIT_CONVERSION = YES;
				GCC_WARN_ABOUT_RETURN_TYPE = YES_ERROR;
				GCC_WARN_UNDECLARED_SELECTOR = YES;
				GCC_WARN_UNINITIALIZED_AUTOS = YES_AGGRESSIVE;
				GCC_WARN_UNUSED_FUNCTION = YES;
				GCC_WARN_UNUSED_VARIABLE = YES;
				IPHONEOS_DEPLOYMENT_TARGET = 17.0;
				LOCALIZATION_PREFERS_STRING_CATALOGS = YES;
				MTL_ENABLE_DEBUG_INFO = INCLUDE_SOURCE;
				MTL_FAST_MATH = YES;
				ONLY_ACTIVE_ARCH = YES;
				SDKROOT = iphoneos;
				SWIFT_ACTIVE_COMPILATION_CONDITIONS = "DEBUG $(inherited)";
				SWIFT_OPTIMIZATION_LEVEL = "-Onone";
			};
			name = Debug;
		};
		2A3D4B362B5E7F1200123456 /* Release */ = {
			isa = XCBuildConfiguration;
			buildSettings = {
				ALWAYS_SEARCH_USER_PATHS = NO;
				ASSETCATALOG_COMPILER_GENERATE_SWIFT_ASSET_SYMBOL_EXTENSIONS = YES;
				CLANG_ANALYZER_NONNULL = YES;
				CLANG_ANALYZER_NUMBER_OBJECT_CONVERSION = YES_AGGRESSIVE;
				CLANG_CXX_LANGUAGE_STANDARD = "gnu++20";
				CLANG_ENABLE_MODULES = YES;
				CLANG_ENABLE_OBJC_ARC = YES;
				CLANG_ENABLE_OBJC_WEAK = YES;
				CLANG_WARN_BLOCK_CAPTURE_AUTORELEASING = YES;
				CLANG_WARN_BOOL_CONVERSION = YES;
				CLANG_WARN_COMMA = YES;
				CLANG_WARN_CONSTANT_CONVERSION = YES;
				CLANG_WARN_DEPRECATED_OBJC_IMPLEMENTATIONS = YES;
				CLANG_WARN_DIRECT_OBJC_ISA_USAGE = YES_ERROR;
				CLANG_WARN_DOCUMENTATION_COMMENTS = YES;
				CLANG_WARN_EMPTY_BODY = YES;
				CLANG_WARN_ENUM_CONVERSION = YES;
				CLANG_WARN_INFINITE_RECURSION = YES;
				CLANG_WARN_INT_CONVERSION = YES;
				CLANG_WARN_NON_LITERAL_NULL_CONVERSION = YES;
				CLANG_WARN_OBJC_IMPLICIT_RETAIN_SELF = YES;
				CLANG_WARN_OBJC_LITERAL_CONVERSION = YES;
				CLANG_WARN_OBJC_ROOT_CLASS = YES_ERROR;
				CLANG_WARN_QUOTED_INCLUDE_IN_FRAMEWORK_HEADER = YES;
				CLANG_WARN_RANGE_LOOP_ANALYSIS = YES;
				CLANG_WARN_STRICT_PROTOTYPES = YES;
				CLANG_WARN_SUSPICIOUS_MOVE = YES;
				CLANG_WARN_UNGUARDED_AVAILABILITY = YES_AGGRESSIVE;
				CLANG_WARN_UNREACHABLE_CODE = YES;
				CLANG_WARN__DUPLICATE_METHOD_MATCH = YES;
				COPY_PHASE_STRIP = NO;
				DEBUG_INFORMATION_FORMAT = "dwarf-with-dsym";
				ENABLE_NS_ASSERTIONS = NO;
				ENABLE_STRICT_OBJC_MSGSEND = YES;
				ENABLE_USER_SCRIPT_SANDBOXING = YES;
				GCC_C_LANGUAGE_STANDARD = gnu17;
				GCC_NO_COMMON_BLOCKS = YES;
				GCC_WARN_64_TO_32_BIT_CONVERSION = YES;
				GCC_WARN_ABOUT_RETURN_TYPE = YES_ERROR;
				GCC_WARN_UNDECLARED_SELECTOR = YES;
				GCC_WARN_UNINITIALIZED_AUTOS = YES_AGGRESSIVE;
				GCC_WARN_UNUSED_FUNCTION = YES;
				GCC_WARN_UNUSED_VARIABLE = YES;
				IPHONEOS_DEPLOYMENT_TARGET = 17.0;
				LOCALIZATION_PREFERS_STRING_CATALOGS = YES;
				MTL_ENABLE_DEBUG_INFO = NO;
				MTL_FAST_MATH = YES;
				SDKROOT = iphoneos;
				SWIFT_COMPILATION_MODE = wholemodule;
				VALIDATE_PRODUCT = YES;
			};
			name = Release;
		};
		2A3D4B382B5E7F1200123456 /* Debug */ = {
			isa = XCBuildConfiguration;
			buildSettings = {
				ASSETCATALOG_COMPILER_APPICON_NAME = AppIcon;
				ASSETCATALOG_COMPILER_GLOBAL_ACCENT_COLOR_NAME = AccentColor;
				CODE_SIGN_STYLE = Automatic;
				CURRENT_PROJECT_VERSION = 1;
				DEVELOPMENT_TEAM = "";
				GENERATE_INFOPLIST_FILE = YES;
				INFOPLIST_FILE = PinturasBambi/Info.plist;
				INFOPLIST_KEY_UIApplicationSupportsIndirectInputEvents = YES;
				INFOPLIST_KEY_UILaunchStoryboardName = LaunchScreen;
				INFOPLIST_KEY_UISupportedInterfaceOrientations_iPad = "UIInterfaceOrientationPortrait UIInterfaceOrientationPortraitUpsideDown UIInterfaceOrientationLandscapeLeft UIInterfaceOrientationLandscapeRight";
				INFOPLIST_KEY_UISupportedInterfaceOrientations_iPhone = "UIInterfaceOrientationPortrait UIInterfaceOrientationLandscapeLeft UIInterfaceOrientationLandscapeRight";
				LD_RUNPATH_SEARCH_PATHS = (
					"$(inherited)",
					"@executable_path/Frameworks",
				);
				MARKETING_VERSION = 1.0;
				PRODUCT_BUNDLE_IDENTIFIER = com.invipintsaci.PinturasBambi;
				PRODUCT_NAME = "$(TARGET_NAME)";
				SWIFT_EMIT_LOC_STRINGS = YES;
				SWIFT_VERSION = 5.0;
				TARGETED_DEVICE_FAMILY = "1,2";
			};
			name = Debug;
		};
		2A3D4B392B5E7F1200123456 /* Release */ = {
			isa = XCBuildConfiguration;
			buildSettings = {
				ASSETCATALOG_COMPILER_APPICON_NAME = AppIcon;
				ASSETCATALOG_COMPILER_GLOBAL_ACCENT_COLOR_NAME = AccentColor;
				CODE_SIGN_STYLE = Automatic;
				CURRENT_PROJECT_VERSION = 1;
				DEVELOPMENT_TEAM = "";
				GENERATE_INFOPLIST_FILE = YES;
				INFOPLIST_FILE = PinturasBambi/Info.plist;
				INFOPLIST_KEY_UIApplicationSupportsIndirectInputEvents = YES;
				INFOPLIST_KEY_UILaunchStoryboardName = LaunchScreen;
				INFOPLIST_KEY_UISupportedInterfaceOrientations_iPad = "UIInterfaceOrientationPortrait UIInterfaceOrientationPortraitUpsideDown UIInterfaceOrientationLandscapeLeft UIInterfaceOrientationLandscapeRight";
				INFOPLIST_KEY_UISupportedInterfaceOrientations_iPhone = "UIInterfaceOrientationPortrait UIInterfaceOrientationLandscapeLeft UIInterfaceOrientationLandscapeRight";
				LD_RUNPATH_SEARCH_PATHS = (
					"$(inherited)",
					"@executable_path/Frameworks",
				);
				MARKETING_VERSION = 1.0;
				PRODUCT_BUNDLE_IDENTIFIER = com.invipintsaci.PinturasBambi;
				PRODUCT_NAME = "$(TARGET_NAME)";
				SWIFT_EMIT_LOC_STRINGS = YES;
				SWIFT_VERSION = 5.0;
				TARGETED_DEVICE_FAMILY = "1,2";
			};
			name = Release;
		};
/* End XCBuildConfiguration section */

/* Begin XCConfigurationList section */
		2A3D4B212B5E7F1000123456 /* Build configuration list for PBXProject "PinturasBambi" */ = {
			isa = XCConfigurationList;
			buildConfigurations = (
				2A3D4B352B5E7F1200123456 /* Debug */,
				2A3D4B362B5E7F1200123456 /* Release */,
			);
			defaultConfigurationIsVisible = 0;
			defaultConfigurationName = Release;
		};
		2A3D4B372B5E7F1200123456 /* Build configuration list for PBXNativeTarget "PinturasBambi" */ = {
			isa = XCConfigurationList;
			buildConfigurations = (
				2A3D4B382B5E7F1200123456 /* Debug */,
				2A3D4B392B5E7F1200123456 /* Release */,
			);
			defaultConfigurationIsVisible = 0;
			defaultConfigurationName = Release;
		};
/* End XCConfigurationList section */
	};
	rootObject = 2A3D4B1E2B5E7F1000123456 /* Project object */;
}
